
Microsoft Visual Studio Solution File, Format Version 12.00
# Visual Studio Version 17
VisualStudioVersion = 17.11.35327.3
MinimumVisualStudioVersion = 10.0.40219.1
Project("{FAE04EC0-301F-11D3-BF4B-00C04F79EFBC}") = "ArbitrageCalc_WPF", "ArbitrageCalc_WPF\ArbitrageCalc_WPF.csproj", "{D2388F3F-E85A-4A65-BD79-F6426EB7F3BA}"
EndProject
Global
	GlobalSection(SolutionConfigurationPlatforms) = preSolution
		Debug|Any CPU = Debug|Any CPU
		Release|Any CPU = Release|Any CPU
	EndGlobalSection
	GlobalSection(ProjectConfigurationPlatforms) = postSolution
		{D2388F3F-E85A-4A65-BD79-F6426EB7F3BA}.Debug|Any CPU.ActiveCfg = Debug|Any CPU
		{D2388F3F-E85A-4A65-BD79-F6426EB7F3BA}.Debug|Any CPU.Build.0 = Debug|Any CPU
		{D2388F3F-E85A-4A65-BD79-F6426EB7F3BA}.Release|Any CPU.ActiveCfg = Release|Any CPU
		{D2388F3F-E85A-4A65-BD79-F6426EB7F3BA}.Release|Any CPU.Build.0 = Release|Any CPU
	EndGlobalSection
	GlobalSection(SolutionProperties) = preSolution
		HideSolutionNode = FALSE
	EndGlobalSection
	GlobalSection(ExtensibilityGlobals) = postSolution
		SolutionGuid = {5A9F7901-8A2C-4475-83CD-063112D9570B}
	EndGlobalSection
EndGlobal
